<?xml version="1.0" encoding="utf-8"?>
<Project ToolsVersion="4.0" xmlns="http://schemas.microsoft.com/developer/msbuild/2003">
  <ItemGroup>
    <None Include="packages.config" />
  </ItemGroup>
  <ItemGroup>
    <Filter Include="Include">
      <UniqueIdentifier>{14a76fbc-d6d2-4a70-89f1-887829d120b1}</UniqueIdentifier>
    </Filter>
    <Filter Include="Source">
      <UniqueIdentifier>{795b58a2-bc64-42b0-a1be-b3a50cc84e6e}</UniqueIdentifier>
    </Filter>
  </ItemGroup>
  <ItemGroup>
    <ClInclude Include="include\Intents.h">
      <Filter>Include</Filter>
    </ClInclude>
    <ClInclude Include="include\Log.h">
      <Filter>Include</Filter>
    </ClInclude>
    <ClInclude Include="include\Member.h">
      <Filter>Include</Filter>
    </ClInclude>
    <ClInclude Include="include\Message.h">
      <Filter>Include</Filter>
    </ClInclude>
    <ClInclude Include="include\Ready.h">
      <Filter>Include</Filter>
    </ClInclude>
    <ClInclude Include="include\User.h">
      <Filter>Include</Filter>
    </ClInclude>
    <ClInclude Include="include\Utilities.h">
      <Filter>Include</Filter>
    </ClInclude>
    <ClInclude Include="include\Channel.h">
      <Filter>Include</Filter>
    </ClInclude>
    <ClInclude Include="include\Discord.h">
      <Filter>Include</Filter>
    </ClInclude>
    <ClInclude Include="include\Embed.h">
      <Filter>Include</Filter>
    </ClInclude>
    <ClInclude Include="include\Invite.h">
      <Filter>Include</Filter>
    </ClInclude>
    <ClInclude Include="Emoji.h" />
    <ClInclude Include="Guild.h" />
    <ClInclude Include="GuildPreview.h" />
  </ItemGroup>
  <ItemGroup>
    <ClCompile Include="source\Intents.cpp">
      <Filter>Source</Filter>
    </ClCompile>
    <ClCompile Include="source\Log.cpp">
      <Filter>Source</Filter>
    </ClCompile>
    <ClCompile Include="source\Member.cpp">
      <Filter>Source</Filter>
    </ClCompile>
    <ClCompile Include="source\Message.cpp">
      <Filter>Source</Filter>
    </ClCompile>
    <ClCompile Include="source\Ready.cpp">
      <Filter>Source</Filter>
    </ClCompile>
    <ClCompile Include="source\User.cpp">
      <Filter>Source</Filter>
    </ClCompile>
    <ClCompile Include="source\Utilities.cpp">
      <Filter>Source</Filter>
    </ClCompile>
    <ClCompile Include="source\Channel.cpp">
      <Filter>Source</Filter>
    </ClCompile>
    <ClCompile Include="source\Discord.cpp">
      <Filter>Source</Filter>
    </ClCompile>
    <ClCompile Include="source\Discord_Virtuals.cpp">
      <Filter>Source</Filter>
    </ClCompile>
    <ClCompile Include="source\Embed.cpp">
      <Filter>Source</Filter>
    </ClCompile>
    <ClCompile Include="source\Endpoints.cpp">
      <Filter>Source</Filter>
    </ClCompile>
    <ClCompile Include="main.cpp">
      <Filter>Source</Filter>
    </ClCompile>
    <ClCompile Include="source\Invite.cpp">
      <Filter>Source</Filter>
    </ClCompile>
    <ClCompile Include="Emoji.cpp" />
    <ClCompile Include="Guild.cpp" />
    <ClCompile Include="GuildPreview.cpp" />
  </ItemGroup>
</Project>